// !$*UTF8*$!
{
	archiveVersion = 1;
	classes = {
	};
	objectVersion = 50;
	objects = {

/* Begin PBXBuildFile section */
		091DDF752700BF3500F51646 /* SearchViewController.swift in Sources */ = {isa = PBXBuildFile; fileRef = 091DDF742700BF3500F51646 /* SearchViewController.swift */; };
		09393F2326E4D8B8006A8375 /* DustData.swift in Sources */ = {isa = PBXBuildFile; fileRef = 09393F2226E4D8B8006A8375 /* DustData.swift */; };
		09484C9B2673BE3000085D06 /* DetailViewController.swift in Sources */ = {isa = PBXBuildFile; fileRef = 09484C9A2673BE3000085D06 /* DetailViewController.swift */; };
		09484C9D2673E3AC00085D06 /* MaskViewController.swift in Sources */ = {isa = PBXBuildFile; fileRef = 09484C9C2673E3AC00085D06 /* MaskViewController.swift */; };
		09A05DBB267272F8005C429A /* AppDelegate.swift in Sources */ = {isa = PBXBuildFile; fileRef = 09A05DBA267272F8005C429A /* AppDelegate.swift */; };
		09A05DBD267272F8005C429A /* SceneDelegate.swift in Sources */ = {isa = PBXBuildFile; fileRef = 09A05DBC267272F8005C429A /* SceneDelegate.swift */; };
		09A05DBF267272F8005C429A /* ViewController.swift in Sources */ = {isa = PBXBuildFile; fileRef = 09A05DBE267272F8005C429A /* ViewController.swift */; };
		09A05DC2267272F8005C429A /* Main.storyboard in Resources */ = {isa = PBXBuildFile; fileRef = 09A05DC0267272F8005C429A /* Main.storyboard */; };
		09A05DC4267272F9005C429A /* Assets.xcassets in Resources */ = {isa = PBXBuildFile; fileRef = 09A05DC3267272F9005C429A /* Assets.xcassets */; };
		09A05DC7267272F9005C429A /* LaunchScreen.storyboard in Resources */ = {isa = PBXBuildFile; fileRef = 09A05DC5267272F9005C429A /* LaunchScreen.storyboard */; };
		09A05DCF267273FF005C429A /* MyTableViewCell.swift in Sources */ = {isa = PBXBuildFile; fileRef = 09A05DCE267273FF005C429A /* MyTableViewCell.swift */; };
		361816F306EB310C89A67DE1 /* Pods_SeoulDust.framework in Frameworks */ = {isa = PBXBuildFile; fileRef = 0D89246EAD231BA0A774EEAE /* Pods_SeoulDust.framework */; };
/* End PBXBuildFile section */

/* Begin PBXFileReference section */
		091DDF742700BF3500F51646 /* SearchViewController.swift */ = {isa = PBXFileReference; lastKnownFileType = sourcecode.swift; path = SearchViewController.swift; sourceTree = "<group>"; };
		09393F2226E4D8B8006A8375 /* DustData.swift */ = {isa = PBXFileReference; lastKnownFileType = sourcecode.swift; path = DustData.swift; sourceTree = "<group>"; };
		09484C9A2673BE3000085D06 /* DetailViewController.swift */ = {isa = PBXFileReference; lastKnownFileType = sourcecode.swift; path = DetailViewController.swift; sourceTree = "<group>"; };
		09484C9C2673E3AC00085D06 /* MaskViewController.swift */ = {isa = PBXFileReference; lastKnownFileType = sourcecode.swift; path = MaskViewController.swift; sourceTree = "<group>"; };
		09A05DB7267272F8005C429A /* SeoulDust.app */ = {isa = PBXFileReference; explicitFileType = wrapper.application; includeInIndex = 0; path = SeoulDust.app; sourceTree = BUILT_PRODUCTS_DIR; };
		09A05DBA267272F8005C429A /* AppDelegate.swift */ = {isa = PBXFileReference; lastKnownFileType = sourcecode.swift; path = AppDelegate.swift; sourceTree = "<group>"; };
		09A05DBC267272F8005C429A /* SceneDelegate.swift */ = {isa = PBXFileReference; lastKnownFileType = sourcecode.swift; path = SceneDelegate.swift; sourceTree = "<group>"; };
		09A05DBE267272F8005C429A /* ViewController.swift */ = {isa = PBXFileReference; lastKnownFileType = sourcecode.swift; path = ViewController.swift; sourceTree = "<group>"; };
		09A05DC1267272F8005C429A /* Base */ = {isa = PBXFileReference; lastKnownFileType = file.storyboard; name = Base; path = Base.lproj/Main.storyboard; sourceTree = "<group>"; };
		09A05DC3267272F9005C429A /* Assets.xcassets */ = {isa = PBXFileReference; lastKnownFileType = folder.assetcatalog; path = Assets.xcassets; sourceTree = "<group>"; };
		09A05DC6267272F9005C429A /* Base */ = {isa = PBXFileReference; lastKnownFileType = file.storyboard; name = Base; path = Base.lproj/LaunchScreen.storyboard; sourceTree = "<group>"; };
		09A05DC8267272F9005C429A /* Info.plist */ = {isa = PBXFileReference; lastKnownFileType = text.plist.xml; path = Info.plist; sourceTree = "<group>"; };
		09A05DCE267273FF005C429A /* MyTableViewCell.swift */ = {isa = PBXFileReference; lastKnownFileType = sourcecode.swift; path = MyTableViewCell.swift; sourceTree = "<group>"; };
		0D89246EAD231BA0A774EEAE /* Pods_SeoulDust.framework */ = {isa = PBXFileReference; explicitFileType = wrapper.framework; includeInIndex = 0; path = Pods_SeoulDust.framework; sourceTree = BUILT_PRODUCTS_DIR; };
		402E6A77780384FCAECA2985 /* Pods-SeoulDust.debug.xcconfig */ = {isa = PBXFileReference; includeInIndex = 1; lastKnownFileType = text.xcconfig; name = "Pods-SeoulDust.debug.xcconfig"; path = "Target Support Files/Pods-SeoulDust/Pods-SeoulDust.debug.xcconfig"; sourceTree = "<group>"; };
		7624806293954BA729258E04 /* Pods-SeoulDust.release.xcconfig */ = {isa = PBXFileReference; includeInIndex = 1; lastKnownFileType = text.xcconfig; name = "Pods-SeoulDust.release.xcconfig"; path = "Target Support Files/Pods-SeoulDust/Pods-SeoulDust.release.xcconfig"; sourceTree = "<group>"; };
/* End PBXFileReference section */

/* Begin PBXFrameworksBuildPhase section */
		09A05DB4267272F8005C429A /* Frameworks */ = {
			isa = PBXFrameworksBuildPhase;
			buildActionMask = 2147483647;
			files = (
				361816F306EB310C89A67DE1 /* Pods_SeoulDust.framework in Frameworks */,
			);
			runOnlyForDeploymentPostprocessing = 0;
		};
/* End PBXFrameworksBuildPhase section */

/* Begin PBXGroup section */
		091DDF732700BE8E00F51646 /* Model */ = {
			isa = PBXGroup;
			children = (
				09393F2226E4D8B8006A8375 /* DustData.swift */,
			);
			path = Model;
			sourceTree = "<group>";
		};
		09A05DAE267272F8005C429A = {
			isa = PBXGroup;
			children = (
				09A05DB9267272F8005C429A /* SeoulDust */,
				09A05DB8267272F8005C429A /* Products */,
				691F27C41909022FE723C365 /* Pods */,
				BF9D497D3745B510DA83B288 /* Frameworks */,
			);
			sourceTree = "<group>";
		};
		09A05DB8267272F8005C429A /* Products */ = {
			isa = PBXGroup;
			children = (
				09A05DB7267272F8005C429A /* SeoulDust.app */,
			);
			name = Products;
			sourceTree = "<group>";
		};
		09A05DB9267272F8005C429A /* SeoulDust */ = {
			isa = PBXGroup;
			children = (
				091DDF732700BE8E00F51646 /* Model */,
				09A05DBA267272F8005C429A /* AppDelegate.swift */,
				09A05DBC267272F8005C429A /* SceneDelegate.swift */,
				09A05DBE267272F8005C429A /* ViewController.swift */,
				091DDF742700BF3500F51646 /* SearchViewController.swift */,
				09484C9C2673E3AC00085D06 /* MaskViewController.swift */,
				09484C9A2673BE3000085D06 /* DetailViewController.swift */,
				09A05DCE267273FF005C429A /* MyTableViewCell.swift */,
				09A05DC0267272F8005C429A /* Main.storyboard */,
				09A05DC3267272F9005C429A /* Assets.xcassets */,
				09A05DC5267272F9005C429A /* LaunchScreen.storyboard */,
				09A05DC8267272F9005C429A /* Info.plist */,
			);
			path = SeoulDust;
			sourceTree = "<group>";
		};
		691F27C41909022FE723C365 /* Pods */ = {
			isa = PBXGroup;
			children = (
				402E6A77780384FCAECA2985 /* Pods-SeoulDust.debug.xcconfig */,
				7624806293954BA729258E04 /* Pods-SeoulDust.release.xcconfig */,
			);
			name = Pods;
			path = Pods;
			sourceTree = "<group>";
		};
		BF9D497D3745B510DA83B288 /* Frameworks */ = {
			isa = PBXGroup;
			children = (
				0D89246EAD231BA0A774EEAE /* Pods_SeoulDust.framework */,
			);
			name = Frameworks;
			sourceTree = "<group>";
		};
/* End PBXGroup section */

/* Begin PBXNativeTarget section */
		09A05DB6267272F8005C429A /* SeoulDust */ = {
			isa = PBXNativeTarget;
			buildConfigurationList = 09A05DCB267272F9005C429A /* Build configuration list for PBXNativeTarget "SeoulDust" */;
			buildPhases = (
				86D7F834B3048C0EB9DC2EB4 /* [CP] Check Pods Manifest.lock */,
				09A05DB3267272F8005C429A /* Sources */,
				09A05DB4267272F8005C429A /* Frameworks */,
				09A05DB5267272F8005C429A /* Resources */,
				4E5B454F6997E73B63C34013 /* [CP] Embed Pods Frameworks */,
			);
			buildRules = (
			);
			dependencies = (
			);
			name = SeoulDust;
			productName = dustLjm;
			productReference = 09A05DB7267272F8005C429A /* SeoulDust.app */;
			productType = "com.apple.product-type.application";
		};
/* End PBXNativeTarget section */

/* Begin PBXProject section */
		09A05DAF267272F8005C429A /* Project object */ = {
			isa = PBXProject;
			attributes = {
				LastSwiftUpdateCheck = 1250;
				LastUpgradeCheck = 1250;
				TargetAttributes = {
					09A05DB6267272F8005C429A = {
						CreatedOnToolsVersion = 12.5;
					};
				};
			};
			buildConfigurationList = 09A05DB2267272F8005C429A /* Build configuration list for PBXProject "SeoulDust" */;
			compatibilityVersion = "Xcode 9.3";
			developmentRegion = en;
			hasScannedForEncodings = 0;
			knownRegions = (
				en,
				Base,
			);
			mainGroup = 09A05DAE267272F8005C429A;
			productRefGroup = 09A05DB8267272F8005C429A /* Products */;
			projectDirPath = "";
			projectRoot = "";
			targets = (
				09A05DB6267272F8005C429A /* SeoulDust */,
			);
		};
/* End PBXProject section */

/* Begin PBXResourcesBuildPhase section */
		09A05DB5267272F8005C429A /* Resources */ = {
			isa = PBXResourcesBuildPhase;
			buildActionMask = 2147483647;
			files = (
				09A05DC7267272F9005C429A /* LaunchScreen.storyboard in Resources */,
				09A05DC4267272F9005C429A /* Assets.xcassets in Resources */,
				09A05DC2267272F8005C429A /* Main.storyboard in Resources */,
			);
			runOnlyForDeploymentPostprocessing = 0;
		};
/* End PBXResourcesBuildPhase section */

/* Begin PBXShellScriptBuildPhase section */
		4E5B454F6997E73B63C34013 /* [CP] Embed Pods Frameworks */ = {
			isa = PBXShellScriptBuildPhase;
			buildActionMask = 2147483647;
			files = (
			);
			inputFileListPaths = (
				"${PODS_ROOT}/Target Support Files/Pods-SeoulDust/Pods-SeoulDust-frameworks-${CONFIGURATION}-input-files.xcfilelist",
			);
			name = "[CP] Embed Pods Frameworks";
			outputFileListPaths = (
				"${PODS_ROOT}/Target Support Files/Pods-SeoulDust/Pods-SeoulDust-frameworks-${CONFIGURATION}-output-files.xcfilelist",
			);
			runOnlyForDeploymentPostprocessing = 0;
			shellPath = /bin/sh;
			shellScript = "\"${PODS_ROOT}/Target Support Files/Pods-SeoulDust/Pods-SeoulDust-frameworks.sh\"\n";
			showEnvVarsInLog = 0;
		};
		86D7F834B3048C0EB9DC2EB4 /* [CP] Check Pods Manifest.lock */ = {
			isa = PBXShellScriptBuildPhase;
			buildActionMask = 2147483647;
			files = (
			);
			inputFileListPaths = (
			);
			inputPaths = (
				"${PODS_PODFILE_DIR_PATH}/Podfile.lock",
				"${PODS_ROOT}/Manifest.lock",
			);
			name = "[CP] Check Pods Manifest.lock";
			outputFileListPaths = (
			);
			outputPaths = (
				"$(DERIVED_FILE_DIR)/Pods-SeoulDust-checkManifestLockResult.txt",
			);
			runOnlyForDeploymentPostprocessing = 0;
			shellPath = /bin/sh;
			shellScript = "diff \"${PODS_PODFILE_DIR_PATH}/Podfile.lock\" \"${PODS_ROOT}/Manifest.lock\" > /dev/null\nif [ $? != 0 ] ; then\n    # print error to STDERR\n    echo \"error: The sandbox is not in sync with the Podfile.lock. Run 'pod install' or update your CocoaPods installation.\" >&2\n    exit 1\nfi\n# This output is used by Xcode 'outputs' to avoid re-running this script phase.\necho \"SUCCESS\" > \"${SCRIPT_OUTPUT_FILE_0}\"\n";
			showEnvVarsInLog = 0;
		};
/* End PBXShellScriptBuildPhase section */

/* Begin PBXSourcesBuildPhase section */
		09A05DB3267272F8005C429A /* Sources */ = {
			isa = PBXSourcesBuildPhase;
			buildActionMask = 2147483647;
			files = (
				09A05DBF267272F8005C429A /* ViewController.swift in Sources */,
				09A05DCF267273FF005C429A /* MyTableViewCell.swift in Sources */,
				091DDF752700BF3500F51646 /* SearchViewController.swift in Sources */,
				09484C9B2673BE3000085D06 /* DetailViewController.swift in Sources */,
				09A05DBB267272F8005C429A /* AppDelegate.swift in Sources */,
				09484C9D2673E3AC00085D06 /* MaskViewController.swift in Sources */,
				09393F2326E4D8B8006A8375 /* DustData.swift in Sources */,
				09A05DBD267272F8005C429A /* SceneDelegate.swift in Sources */,
			);
			runOnlyForDeploymentPostprocessing = 0;
		};
/* End PBXSourcesBuildPhase section */

/* Begin PBXVariantGroup section */
		09A05DC0267272F8005C429A /* Main.storyboard */ = {
			isa = PBXVariantGroup;
			children = (
				09A05DC1267272F8005C429A /* Base */,
			);
			name = Main.storyboard;
			sourceTree = "<group>";
		};
		09A05DC5267272F9005C429A /* LaunchScreen.storyboard */ = {
			isa = PBXVariantGroup;
			children = (
				09A05DC6267272F9005C429A /* Base */,
			);
			name = LaunchScreen.storyboard;
			sourceTree = "<group>";
		};
/* End PBXVariantGroup section */

/* Begin XCBuildConfiguration section */
		09A05DC9267272F9005C429A /* Debug */ = {
			isa = XCBuildConfiguration;
			buildSettings = {
				ALWAYS_SEARCH_USER_PATHS = NO;
				CLANG_ANALYZER_NONNULL = YES;
				CLANG_ANALYZER_NUMBER_OBJECT_CONVERSION = YES_AGGRESSIVE;
				CLANG_CXX_LANGUAGE_STANDARD = "gnu++14";
				CLANG_CXX_LIBRARY = "libc++";
				CLANG_ENABLE_MODULES = YES;
				CLANG_ENABLE_OBJC_ARC = YES;
				CLANG_ENABLE_OBJC_WEAK = YES;
				CLANG_WARN_BLOCK_CAPTURE_AUTORELEASING = YES;
				CLANG_WARN_BOOL_CONVERSION = YES;
				CLANG_WARN_COMMA = YES;
				CLANG_WARN_CONSTANT_CONVERSION = YES;
				CLANG_WARN_DEPRECATED_OBJC_IMPLEMENTATIONS = YES;
				CLANG_WARN_DIRECT_OBJC_ISA_USAGE = YES_ERROR;
				CLANG_WARN_DOCUMENTATION_COMMENTS = YES;
				CLANG_WARN_EMPTY_BODY = YES;
				CLANG_WARN_ENUM_CONVERSION = YES;
				CLANG_WARN_INFINITE_RECURSION = YES;
				CLANG_WARN_INT_CONVERSION = YES;
				CLANG_WARN_NON_LITERAL_NULL_CONVERSION = YES;
				CLANG_WARN_OBJC_IMPLICIT_RETAIN_SELF = YES;
				CLANG_WARN_OBJC_LITERAL_CONVERSION = YES;
				CLANG_WARN_OBJC_ROOT_CLASS = YES_ERROR;
				CLANG_WARN_QUOTED_INCLUDE_IN_FRAMEWORK_HEADER = YES;
				CLANG_WARN_RANGE_LOOP_ANALYSIS = YES;
				CLANG_WARN_STRICT_PROTOTYPES = YES;
				CLANG_WARN_SUSPICIOUS_MOVE = YES;
				CLANG_WARN_UNGUARDED_AVAILABILITY = YES_AGGRESSIVE;
				CLANG_WARN_UNREACHABLE_CODE = YES;
				CLANG_WARN__DUPLICATE_METHOD_MATCH = YES;
				COPY_PHASE_STRIP = NO;
				DEBUG_INFORMATION_FORMAT = dwarf;
				ENABLE_STRICT_OBJC_MSGSEND = YES;
				ENABLE_TESTABILITY = YES;
				GCC_C_LANGUAGE_STANDARD = gnu11;
				GCC_DYNAMIC_NO_PIC = NO;
				GCC_NO_COMMON_BLOCKS = YES;
				GCC_OPTIMIZATION_LEVEL = 0;
				GCC_PREPROCESSOR_DEFINITIONS = (
					"DEBUG=1",
					"$(inherited)",
				);
				GCC_WARN_64_TO_32_BIT_CONVERSION = YES;
				GCC_WARN_ABOUT_RETURN_TYPE = YES_ERROR;
				GCC_WARN_UNDECLARED_SELECTOR = YES;
				GCC_WARN_UNINITIALIZED_AUTOS = YES_AGGRESSIVE;
				GCC_WARN_UNUSED_FUNCTION = YES;
				GCC_WARN_UNUSED_VARIABLE = YES;
				IPHONEOS_DEPLOYMENT_TARGET = 14.5;
				MTL_ENABLE_DEBUG_INFO = INCLUDE_SOURCE;
				MTL_FAST_MATH = YES;
				ONLY_ACTIVE_ARCH = YES;
				SDKROOT = iphoneos;
				SWIFT_ACTIVE_COMPILATION_CONDITIONS = DEBUG;
				SWIFT_OPTIMIZATION_LEVEL = "-Onone";
			};
			name = Debug;
		};
		09A05DCA267272F9005C429A /* Release */ = {
			isa = XCBuildConfiguration;
			buildSettings = {
				ALWAYS_SEARCH_USER_PATHS = NO;
				CLANG_ANALYZER_NONNULL = YES;
				CLANG_ANALYZER_NUMBER_OBJECT_CONVERSION = YES_AGGRESSIVE;
				CLANG_CXX_LANGUAGE_STANDARD = "gnu++14";
				CLANG_CXX_LIBRARY = "libc++";
				CLANG_ENABLE_MODULES = YES;
				CLANG_ENABLE_OBJC_ARC = YES;
				CLANG_ENABLE_OBJC_WEAK = YES;
				CLANG_WARN_BLOCK_CAPTURE_AUTORELEASING = YES;
				CLANG_WARN_BOOL_CONVERSION = YES;
				CLANG_WARN_COMMA = YES;
				CLANG_WARN_CONSTANT_CONVERSION = YES;
				CLANG_WARN_DEPRECATED_OBJC_IMPLEMENTATIONS = YES;
				CLANG_WARN_DIRECT_OBJC_ISA_USAGE = YES_ERROR;
				CLANG_WARN_DOCUMENTATION_COMMENTS = YES;
				CLANG_WARN_EMPTY_BODY = YES;
				CLANG_WARN_ENUM_CONVERSION = YES;
				CLANG_WARN_INFINITE_RECURSION = YES;
				CLANG_WARN_INT_CONVERSION = YES;
				CLANG_WARN_NON_LITERAL_NULL_CONVERSION = YES;
				CLANG_WARN_OBJC_IMPLICIT_RETAIN_SELF = YES;
				CLANG_WARN_OBJC_LITERAL_CONVERSION = YES;
				CLANG_WARN_OBJC_ROOT_CLASS = YES_ERROR;
				CLANG_WARN_QUOTED_INCLUDE_IN_FRAMEWORK_HEADER = YES;
				CLANG_WARN_RANGE_LOOP_ANALYSIS = YES;
				CLANG_WARN_STRICT_PROTOTYPES = YES;
				CLANG_WARN_SUSPICIOUS_MOVE = YES;
				CLANG_WARN_UNGUARDED_AVAILABILITY = YES_AGGRESSIVE;
				CLANG_WARN_UNREACHABLE_CODE = YES;
				CLANG_WARN__DUPLICATE_METHOD_MATCH = YES;
				COPY_PHASE_STRIP = NO;
				DEBUG_INFORMATION_FORMAT = "dwarf-with-dsym";
				ENABLE_NS_ASSERTIONS = NO;
				ENABLE_STRICT_OBJC_MSGSEND = YES;
				GCC_C_LANGUAGE_STANDARD = gnu11;
				GCC_NO_COMMON_BLOCKS = YES;
				GCC_WARN_64_TO_32_BIT_CONVERSION = YES;
				GCC_WARN_ABOUT_RETURN_TYPE = YES_ERROR;
				GCC_WARN_UNDECLARED_SELECTOR = YES;
				GCC_WARN_UNINITIALIZED_AUTOS = YES_AGGRESSIVE;
				GCC_WARN_UNUSED_FUNCTION = YES;
				GCC_WARN_UNUSED_VARIABLE = YES;
				IPHONEOS_DEPLOYMENT_TARGET = 14.5;
				MTL_ENABLE_DEBUG_INFO = NO;
				MTL_FAST_MATH = YES;
				SDKROOT = iphoneos;
				SWIFT_COMPILATION_MODE = wholemodule;
				SWIFT_OPTIMIZATION_LEVEL = "-O";
				VALIDATE_PRODUCT = YES;
			};
			name = Release;
		};
		09A05DCC267272F9005C429A /* Debug */ = {
			isa = XCBuildConfiguration;
			baseConfigurationReference = 402E6A77780384FCAECA2985 /* Pods-SeoulDust.debug.xcconfig */;
			buildSettings = {
				ASSETCATALOG_COMPILER_APPICON_NAME = AppIcon;
				ASSETCATALOG_COMPILER_GLOBAL_ACCENT_COLOR_NAME = AccentColor;
				CODE_SIGN_STYLE = Automatic;
				DEVELOPMENT_TEAM = W9P3UZU7FD;
				INFOPLIST_FILE = SeoulDust/Info.plist;
				IPHONEOS_DEPLOYMENT_TARGET = 14.1;
				LD_RUNPATH_SEARCH_PATHS = (
					"$(inherited)",
					"@executable_path/Frameworks",
				);
				PRODUCT_BUNDLE_IDENTIFIER = kr.ac.induk.ljm.SeoulDust;
				PRODUCT_NAME = "$(TARGET_NAME)";
				SWIFT_VERSION = 5.0;
				TARGETED_DEVICE_FAMILY = "1,2";
			};
			name = Debug;
		};
		09A05DCD267272F9005C429A /* Release */ = {
			isa = XCBuildConfiguration;
			baseConfigurationReference = 7624806293954BA729258E04 /* Pods-SeoulDust.release.xcconfig */;
			buildSettings = {
				ASSETCATALOG_COMPILER_APPICON_NAME = AppIcon;
				ASSETCATALOG_COMPILER_GLOBAL_ACCENT_COLOR_NAME = AccentColor;
				CODE_SIGN_STYLE = Automatic;
				DEVELOPMENT_TEAM = W9P3UZU7FD;
				INFOPLIST_FILE = SeoulDust/Info.plist;
				IPHONEOS_DEPLOYMENT_TARGET = 14.1;
				LD_RUNPATH_SEARCH_PATHS = (
					"$(inherited)",
					"@executable_path/Frameworks",
				);
				PRODUCT_BUNDLE_IDENTIFIER = kr.ac.induk.ljm.SeoulDust;
				PRODUCT_NAME = "$(TARGET_NAME)";
				SWIFT_VERSION = 5.0;
				TARGETED_DEVICE_FAMILY = "1,2";
			};
			name = Release;
		};
/* End XCBuildConfiguration section */

/* Begin XCConfigurationList section */
		09A05DB2267272F8005C429A /* Build configuration list for PBXProject "SeoulDust" */ = {
			isa = XCConfigurationList;
			buildConfigurations = (
				09A05DC9267272F9005C429A /* Debug */,
				09A05DCA267272F9005C429A /* Release */,
			);
			defaultConfigurationIsVisible = 0;
			defaultConfigurationName = Release;
		};
		09A05DCB267272F9005C429A /* Build configuration list for PBXNativeTarget "SeoulDust" */ = {
			isa = XCConfigurationList;
			buildConfigurations = (
				09A05DCC267272F9005C429A /* Debug */,
				09A05DCD267272F9005C429A /* Release */,
			);
			defaultConfigurationIsVisible = 0;
			defaultConfigurationName = Release;
		};
/* End XCConfigurationList section */
	};
	rootObject = 09A05DAF267272F8005C429A /* Project object */;
}
